
Microsoft Visual Studio Solution File, Format Version 12.00
# Visual Studio Version 17
VisualStudioVersion = 17.5.002.0
MinimumVisualStudioVersion = 10.0.40219.1
Project("{9A19103F-16F7-4668-BE54-9A1E7A4F7556}") = "HealthCenterMaster", "HealthCenterMaster.csproj", "{B9A3C9DB-61CD-4C6C-A807-E8B0D14676CD}"
EndProject
Global
	GlobalSection(SolutionConfigurationPlatforms) = preSolution
		Debug|Any CPU = Debug|Any CPU
		Release|Any CPU = Release|Any CPU
	EndGlobalSection
	GlobalSection(ProjectConfigurationPlatforms) = postSolution
		{B9A3C9DB-61CD-4C6C-A807-E8B0D14676CD}.Debug|Any CPU.ActiveCfg = Debug|Any CPU
		{B9A3C9DB-61CD-4C6C-A807-E8B0D14676CD}.Debug|Any CPU.Build.0 = Debug|Any CPU
		{B9A3C9DB-61CD-4C6C-A807-E8B0D14676CD}.Release|Any CPU.ActiveCfg = Release|Any CPU
		{B9A3C9DB-61CD-4C6C-A807-E8B0D14676CD}.Release|Any CPU.Build.0 = Release|Any CPU
	EndGlobalSection
	GlobalSection(SolutionProperties) = preSolution
		HideSolutionNode = FALSE
	EndGlobalSection
	GlobalSection(ExtensibilityGlobals) = postSolution
		SolutionGuid = {30CE1D25-1825-4912-85BC-A7F1712AD823}
	EndGlobalSection
EndGlobal
